
Microsoft Visual Studio Solution File, Format Version 11.00
# Visual Studio 2010
Project("{FAE04EC0-301F-11D3-BF4B-00C04F79EFBC}") = "ENGLISH_TO_BRAILLE", "ENGLISH_TO_BRAILLE\ENGLISH_TO_BRAILLE.csproj", "{DFDAD40A-72D4-4BC7-BC10-9F9BC6AC8F4D}"
EndProject
Global
	GlobalSection(SolutionConfigurationPlatforms) = preSolution
		Debug|Any CPU = Debug|Any CPU
		Release|Any CPU = Release|Any CPU
	EndGlobalSection
	GlobalSection(ProjectConfigurationPlatforms) = postSolution
		{DFDAD40A-72D4-4BC7-BC10-9F9BC6AC8F4D}.Debug|Any CPU.ActiveCfg = Debug|Any CPU
		{DFDAD40A-72D4-4BC7-BC10-9F9BC6AC8F4D}.Debug|Any CPU.Build.0 = Debug|Any CPU
		{DFDAD40A-72D4-4BC7-BC10-9F9BC6AC8F4D}.Release|Any CPU.ActiveCfg = Release|Any CPU
		{DFDAD40A-72D4-4BC7-BC10-9F9BC6AC8F4D}.Release|Any CPU.Build.0 = Release|Any CPU
	EndGlobalSection
	GlobalSection(SolutionProperties) = preSolution
		HideSolutionNode = FALSE
	EndGlobalSection
EndGlobal
